// !$*UTF8*$!
{
	archiveVersion = 1;
	classes = {
	};
	objectVersion = 77;
	objects = {

/* Begin PBXBuildFile section */
		DD8BE9462E30046100886615 /* Quote.swift in Sources */ = {isa = PBXBuildFile; fileRef = DD8BE9452E30046100886615 /* Quote.swift */; };
		DD8BE9492E3004AD00886615 /* QuoteServiceProtocol.swift in Sources */ = {isa = PBXBuildFile; fileRef = DD8BE9482E3004AD00886615 /* QuoteServiceProtocol.swift */; };
		DD8BE94C2E3004E400886615 /* QuoteService.swift in Sources */ = {isa = PBXBuildFile; fileRef = DD8BE94B2E3004E400886615 /* QuoteService.swift */; };
		DD8BE94F2E30055700886615 /* QuoteViewModel.swift in Sources */ = {isa = PBXBuildFile; fileRef = DD8BE94E2E30055700886615 /* QuoteViewModel.swift */; };
		DD8BE9532E300B0500886615 /* QuoteListView.swift in Sources */ = {isa = PBXBuildFile; fileRef = DD8BE9522E300B0500886615 /* QuoteListView.swift */; };
		DD8BE9552E33F5D600886615 /* MockQuoteService.swift in Sources */ = {isa = PBXBuildFile; fileRef = DD8BE9542E33F5D600886615 /* MockQuoteService.swift */; };
/* End PBXBuildFile section */

/* Begin PBXContainerItemProxy section */
		DD8BE9262E3003A700886615 /* PBXContainerItemProxy */ = {
			isa = PBXContainerItemProxy;
			containerPortal = DD8BE9102E3003A400886615 /* Project object */;
			proxyType = 1;
			remoteGlobalIDString = DD8BE9172E3003A400886615;
			remoteInfo = QuotesApp;
		};
		DD8BE9302E3003A700886615 /* PBXContainerItemProxy */ = {
			isa = PBXContainerItemProxy;
			containerPortal = DD8BE9102E3003A400886615 /* Project object */;
			proxyType = 1;
			remoteGlobalIDString = DD8BE9172E3003A400886615;
			remoteInfo = QuotesApp;
		};
/* End PBXContainerItemProxy section */

/* Begin PBXFileReference section */
		DD8BE9182E3003A400886615 /* QuotesApp.app */ = {isa = PBXFileReference; explicitFileType = wrapper.application; includeInIndex = 0; path = QuotesApp.app; sourceTree = BUILT_PRODUCTS_DIR; };
		DD8BE9252E3003A700886615 /* QuotesAppTests.xctest */ = {isa = PBXFileReference; explicitFileType = wrapper.cfbundle; includeInIndex = 0; path = QuotesAppTests.xctest; sourceTree = BUILT_PRODUCTS_DIR; };
		DD8BE92F2E3003A700886615 /* QuotesAppUITests.xctest */ = {isa = PBXFileReference; explicitFileType = wrapper.cfbundle; includeInIndex = 0; path = QuotesAppUITests.xctest; sourceTree = BUILT_PRODUCTS_DIR; };
		DD8BE9452E30046100886615 /* Quote.swift */ = {isa = PBXFileReference; lastKnownFileType = sourcecode.swift; path = Quote.swift; sourceTree = "<group>"; };
		DD8BE9482E3004AD00886615 /* QuoteServiceProtocol.swift */ = {isa = PBXFileReference; lastKnownFileType = sourcecode.swift; path = QuoteServiceProtocol.swift; sourceTree = "<group>"; };
		DD8BE94B2E3004E400886615 /* QuoteService.swift */ = {isa = PBXFileReference; lastKnownFileType = sourcecode.swift; path = QuoteService.swift; sourceTree = "<group>"; };
		DD8BE94E2E30055700886615 /* QuoteViewModel.swift */ = {isa = PBXFileReference; lastKnownFileType = sourcecode.swift; path = QuoteViewModel.swift; sourceTree = "<group>"; };
		DD8BE9522E300B0500886615 /* QuoteListView.swift */ = {isa = PBXFileReference; lastKnownFileType = sourcecode.swift; path = QuoteListView.swift; sourceTree = "<group>"; };
		DD8BE9542E33F5D600886615 /* MockQuoteService.swift */ = {isa = PBXFileReference; lastKnownFileType = sourcecode.swift; path = MockQuoteService.swift; sourceTree = "<group>"; };
/* End PBXFileReference section */

/* Begin PBXFileSystemSynchronizedRootGroup section */
		DD8BE91A2E3003A400886615 /* QuotesApp */ = {
			isa = PBXFileSystemSynchronizedRootGroup;
			path = QuotesApp;
			sourceTree = "<group>";
		};
		DD8BE9282E3003A700886615 /* QuotesAppTests */ = {
			isa = PBXFileSystemSynchronizedRootGroup;
			path = QuotesAppTests;
			sourceTree = "<group>";
		};
		DD8BE9322E3003A700886615 /* QuotesAppUITests */ = {
			isa = PBXFileSystemSynchronizedRootGroup;
			path = QuotesAppUITests;
			sourceTree = "<group>";
		};
/* End PBXFileSystemSynchronizedRootGroup section */

/* Begin PBXFrameworksBuildPhase section */
		DD8BE9152E3003A400886615 /* Frameworks */ = {
			isa = PBXFrameworksBuildPhase;
			buildActionMask = 2147483647;
			files = (
			);
			runOnlyForDeploymentPostprocessing = 0;
		};
		DD8BE9222E3003A700886615 /* Frameworks */ = {
			isa = PBXFrameworksBuildPhase;
			buildActionMask = 2147483647;
			files = (
			);
			runOnlyForDeploymentPostprocessing = 0;
		};
		DD8BE92C2E3003A700886615 /* Frameworks */ = {
			isa = PBXFrameworksBuildPhase;
			buildActionMask = 2147483647;
			files = (
			);
			runOnlyForDeploymentPostprocessing = 0;
		};
/* End PBXFrameworksBuildPhase section */

/* Begin PBXGroup section */
		DD8BE90F2E3003A400886615 = {
			isa = PBXGroup;
			children = (
				DD8BE9502E30081500886615 /* Views */,
				DD8BE94D2E30053900886615 /* ViewModels */,
				DD8BE94A2E3004D200886615 /* Service */,
				DD8BE9472E30049000886615 /* Protocols */,
				DD8BE9422E30040900886615 /* Models */,
				DD8BE91A2E3003A400886615 /* QuotesApp */,
				DD8BE9282E3003A700886615 /* QuotesAppTests */,
				DD8BE9322E3003A700886615 /* QuotesAppUITests */,
				DD8BE9192E3003A400886615 /* Products */,
			);
			sourceTree = "<group>";
		};
		DD8BE9192E3003A400886615 /* Products */ = {
			isa = PBXGroup;
			children = (
				DD8BE9182E3003A400886615 /* QuotesApp.app */,
				DD8BE9252E3003A700886615 /* QuotesAppTests.xctest */,
				DD8BE92F2E3003A700886615 /* QuotesAppUITests.xctest */,
			);
			name = Products;
			sourceTree = "<group>";
		};
		DD8BE9422E30040900886615 /* Models */ = {
			isa = PBXGroup;
			children = (
				DD8BE9452E30046100886615 /* Quote.swift */,
			);
			path = Models;
			sourceTree = "<group>";
		};
		DD8BE9472E30049000886615 /* Protocols */ = {
			isa = PBXGroup;
			children = (
				DD8BE9482E3004AD00886615 /* QuoteServiceProtocol.swift */,
			);
			path = Protocols;
			sourceTree = "<group>";
		};
		DD8BE94A2E3004D200886615 /* Service */ = {
			isa = PBXGroup;
			children = (
				DD8BE94B2E3004E400886615 /* QuoteService.swift */,
				DD8BE9542E33F5D600886615 /* MockQuoteService.swift */,
			);
			path = Service;
			sourceTree = "<group>";
		};
		DD8BE94D2E30053900886615 /* ViewModels */ = {
			isa = PBXGroup;
			children = (
				DD8BE94E2E30055700886615 /* QuoteViewModel.swift */,
			);
			path = ViewModels;
			sourceTree = "<group>";
		};
		DD8BE9502E30081500886615 /* Views */ = {
			isa = PBXGroup;
			children = (
				DD8BE9522E300B0500886615 /* QuoteListView.swift */,
			);
			path = Views;
			sourceTree = "<group>";
		};
/* End PBXGroup section */

/* Begin PBXNativeTarget section */
		DD8BE9172E3003A400886615 /* QuotesApp */ = {
			isa = PBXNativeTarget;
			buildConfigurationList = DD8BE9392E3003A700886615 /* Build configuration list for PBXNativeTarget "QuotesApp" */;
			buildPhases = (
				DD8BE9142E3003A400886615 /* Sources */,
				DD8BE9152E3003A400886615 /* Frameworks */,
				DD8BE9162E3003A400886615 /* Resources */,
			);
			buildRules = (
			);
			dependencies = (
			);
			fileSystemSynchronizedGroups = (
				DD8BE91A2E3003A400886615 /* QuotesApp */,
			);
			name = QuotesApp;
			packageProductDependencies = (
			);
			productName = QuotesApp;
			productReference = DD8BE9182E3003A400886615 /* QuotesApp.app */;
			productType = "com.apple.product-type.application";
		};
		DD8BE9242E3003A700886615 /* QuotesAppTests */ = {
			isa = PBXNativeTarget;
			buildConfigurationList = DD8BE93C2E3003A700886615 /* Build configuration list for PBXNativeTarget "QuotesAppTests" */;
			buildPhases = (
				DD8BE9212E3003A700886615 /* Sources */,
				DD8BE9222E3003A700886615 /* Frameworks */,
				DD8BE9232E3003A700886615 /* Resources */,
			);
			buildRules = (
			);
			dependencies = (
				DD8BE9272E3003A700886615 /* PBXTargetDependency */,
			);
			fileSystemSynchronizedGroups = (
				DD8BE9282E3003A700886615 /* QuotesAppTests */,
			);
			name = QuotesAppTests;
			packageProductDependencies = (
			);
			productName = QuotesAppTests;
			productReference = DD8BE9252E3003A700886615 /* QuotesAppTests.xctest */;
			productType = "com.apple.product-type.bundle.unit-test";
		};
		DD8BE92E2E3003A700886615 /* QuotesAppUITests */ = {
			isa = PBXNativeTarget;
			buildConfigurationList = DD8BE93F2E3003A700886615 /* Build configuration list for PBXNativeTarget "QuotesAppUITests" */;
			buildPhases = (
				DD8BE92B2E3003A700886615 /* Sources */,
				DD8BE92C2E3003A700886615 /* Frameworks */,
				DD8BE92D2E3003A700886615 /* Resources */,
			);
			buildRules = (
			);
			dependencies = (
				DD8BE9312E3003A700886615 /* PBXTargetDependency */,
			);
			fileSystemSynchronizedGroups = (
				DD8BE9322E3003A700886615 /* QuotesAppUITests */,
			);
			name = QuotesAppUITests;
			packageProductDependencies = (
			);
			productName = QuotesAppUITests;
			productReference = DD8BE92F2E3003A700886615 /* QuotesAppUITests.xctest */;
			productType = "com.apple.product-type.bundle.ui-testing";
		};
/* End PBXNativeTarget section */

/* Begin PBXProject section */
		DD8BE9102E3003A400886615 /* Project object */ = {
			isa = PBXProject;
			attributes = {
				BuildIndependentTargetsInParallel = 1;
				LastSwiftUpdateCheck = 1640;
				LastUpgradeCheck = 1640;
				TargetAttributes = {
					DD8BE9172E3003A400886615 = {
						CreatedOnToolsVersion = 16.4;
					};
					DD8BE9242E3003A700886615 = {
						CreatedOnToolsVersion = 16.4;
						TestTargetID = DD8BE9172E3003A400886615;
					};
					DD8BE92E2E3003A700886615 = {
						CreatedOnToolsVersion = 16.4;
						TestTargetID = DD8BE9172E3003A400886615;
					};
				};
			};
			buildConfigurationList = DD8BE9132E3003A400886615 /* Build configuration list for PBXProject "QuotesApp" */;
			developmentRegion = en;
			hasScannedForEncodings = 0;
			knownRegions = (
				en,
				Base,
			);
			mainGroup = DD8BE90F2E3003A400886615;
			minimizedProjectReferenceProxies = 1;
			preferredProjectObjectVersion = 77;
			productRefGroup = DD8BE9192E3003A400886615 /* Products */;
			projectDirPath = "";
			projectRoot = "";
			targets = (
				DD8BE9172E3003A400886615 /* QuotesApp */,
				DD8BE9242E3003A700886615 /* QuotesAppTests */,
				DD8BE92E2E3003A700886615 /* QuotesAppUITests */,
			);
		};
/* End PBXProject section */

/* Begin PBXResourcesBuildPhase section */
		DD8BE9162E3003A400886615 /* Resources */ = {
			isa = PBXResourcesBuildPhase;
			buildActionMask = 2147483647;
			files = (
			);
			runOnlyForDeploymentPostprocessing = 0;
		};
		DD8BE9232E3003A700886615 /* Resources */ = {
			isa = PBXResourcesBuildPhase;
			buildActionMask = 2147483647;
			files = (
			);
			runOnlyForDeploymentPostprocessing = 0;
		};
		DD8BE92D2E3003A700886615 /* Resources */ = {
			isa = PBXResourcesBuildPhase;
			buildActionMask = 2147483647;
			files = (
			);
			runOnlyForDeploymentPostprocessing = 0;
		};
/* End PBXResourcesBuildPhase section */

/* Begin PBXSourcesBuildPhase section */
		DD8BE9142E3003A400886615 /* Sources */ = {
			isa = PBXSourcesBuildPhase;
			buildActionMask = 2147483647;
			files = (
				DD8BE9532E300B0500886615 /* QuoteListView.swift in Sources */,
				DD8BE9552E33F5D600886615 /* MockQuoteService.swift in Sources */,
				DD8BE9462E30046100886615 /* Quote.swift in Sources */,
				DD8BE94C2E3004E400886615 /* QuoteService.swift in Sources */,
				DD8BE94F2E30055700886615 /* QuoteViewModel.swift in Sources */,
				DD8BE9492E3004AD00886615 /* QuoteServiceProtocol.swift in Sources */,
			);
			runOnlyForDeploymentPostprocessing = 0;
		};
		DD8BE9212E3003A700886615 /* Sources */ = {
			isa = PBXSourcesBuildPhase;
			buildActionMask = 2147483647;
			files = (
			);
			runOnlyForDeploymentPostprocessing = 0;
		};
		DD8BE92B2E3003A700886615 /* Sources */ = {
			isa = PBXSourcesBuildPhase;
			buildActionMask = 2147483647;
			files = (
			);
			runOnlyForDeploymentPostprocessing = 0;
		};
/* End PBXSourcesBuildPhase section */

/* Begin PBXTargetDependency section */
		DD8BE9272E3003A700886615 /* PBXTargetDependency */ = {
			isa = PBXTargetDependency;
			target = DD8BE9172E3003A400886615 /* QuotesApp */;
			targetProxy = DD8BE9262E3003A700886615 /* PBXContainerItemProxy */;
		};
		DD8BE9312E3003A700886615 /* PBXTargetDependency */ = {
			isa = PBXTargetDependency;
			target = DD8BE9172E3003A400886615 /* QuotesApp */;
			targetProxy = DD8BE9302E3003A700886615 /* PBXContainerItemProxy */;
		};
/* End PBXTargetDependency section */

/* Begin XCBuildConfiguration section */
		DD8BE9372E3003A700886615 /* Debug */ = {
			isa = XCBuildConfiguration;
			buildSettings = {
				ALWAYS_SEARCH_USER_PATHS = NO;
				ASSETCATALOG_COMPILER_GENERATE_SWIFT_ASSET_SYMBOL_EXTENSIONS = YES;
				CLANG_ANALYZER_NONNULL = YES;
				CLANG_ANALYZER_NUMBER_OBJECT_CONVERSION = YES_AGGRESSIVE;
				CLANG_CXX_LANGUAGE_STANDARD = "gnu++20";
				CLANG_ENABLE_MODULES = YES;
				CLANG_ENABLE_OBJC_ARC = YES;
				CLANG_ENABLE_OBJC_WEAK = YES;
				CLANG_WARN_BLOCK_CAPTURE_AUTORELEASING = YES;
				CLANG_WARN_BOOL_CONVERSION = YES;
				CLANG_WARN_COMMA = YES;
				CLANG_WARN_CONSTANT_CONVERSION = YES;
				CLANG_WARN_DEPRECATED_OBJC_IMPLEMENTATIONS = YES;
				CLANG_WARN_DIRECT_OBJC_ISA_USAGE = YES_ERROR;
				CLANG_WARN_DOCUMENTATION_COMMENTS = YES;
				CLANG_WARN_EMPTY_BODY = YES;
				CLANG_WARN_ENUM_CONVERSION = YES;
				CLANG_WARN_INFINITE_RECURSION = YES;
				CLANG_WARN_INT_CONVERSION = YES;
				CLANG_WARN_NON_LITERAL_NULL_CONVERSION = YES;
				CLANG_WARN_OBJC_IMPLICIT_RETAIN_SELF = YES;
				CLANG_WARN_OBJC_LITERAL_CONVERSION = YES;
				CLANG_WARN_OBJC_ROOT_CLASS = YES_ERROR;
				CLANG_WARN_QUOTED_INCLUDE_IN_FRAMEWORK_HEADER = YES;
				CLANG_WARN_RANGE_LOOP_ANALYSIS = YES;
				CLANG_WARN_STRICT_PROTOTYPES = YES;
				CLANG_WARN_SUSPICIOUS_MOVE = YES;
				CLANG_WARN_UNGUARDED_AVAILABILITY = YES_AGGRESSIVE;
				CLANG_WARN_UNREACHABLE_CODE = YES;
				CLANG_WARN__DUPLICATE_METHOD_MATCH = YES;
				COPY_PHASE_STRIP = NO;
				DEBUG_INFORMATION_FORMAT = dwarf;
				ENABLE_STRICT_OBJC_MSGSEND = YES;
				ENABLE_TESTABILITY = YES;
				ENABLE_USER_SCRIPT_SANDBOXING = YES;
				GCC_C_LANGUAGE_STANDARD = gnu17;
				GCC_DYNAMIC_NO_PIC = NO;
				GCC_NO_COMMON_BLOCKS = YES;
				GCC_OPTIMIZATION_LEVEL = 0;
				GCC_PREPROCESSOR_DEFINITIONS = (
					"DEBUG=1",
					"$(inherited)",
				);
				GCC_WARN_64_TO_32_BIT_CONVERSION = YES;
				GCC_WARN_ABOUT_RETURN_TYPE = YES_ERROR;
				GCC_WARN_UNDECLARED_SELECTOR = YES;
				GCC_WARN_UNINITIALIZED_AUTOS = YES_AGGRESSIVE;
				GCC_WARN_UNUSED_FUNCTION = YES;
				GCC_WARN_UNUSED_VARIABLE = YES;
				IPHONEOS_DEPLOYMENT_TARGET = 18.5;
				LOCALIZATION_PREFERS_STRING_CATALOGS = YES;
				MTL_ENABLE_DEBUG_INFO = INCLUDE_SOURCE;
				MTL_FAST_MATH = YES;
				ONLY_ACTIVE_ARCH = YES;
				SDKROOT = iphoneos;
				SWIFT_ACTIVE_COMPILATION_CONDITIONS = "DEBUG $(inherited)";
				SWIFT_OPTIMIZATION_LEVEL = "-Onone";
			};
			name = Debug;
		};
		DD8BE9382E3003A700886615 /* Release */ = {
			isa = XCBuildConfiguration;
			buildSettings = {
				ALWAYS_SEARCH_USER_PATHS = NO;
				ASSETCATALOG_COMPILER_GENERATE_SWIFT_ASSET_SYMBOL_EXTENSIONS = YES;
				CLANG_ANALYZER_NONNULL = YES;
				CLANG_ANALYZER_NUMBER_OBJECT_CONVERSION = YES_AGGRESSIVE;
				CLANG_CXX_LANGUAGE_STANDARD = "gnu++20";
				CLANG_ENABLE_MODULES = YES;
				CLANG_ENABLE_OBJC_ARC = YES;
				CLANG_ENABLE_OBJC_WEAK = YES;
				CLANG_WARN_BLOCK_CAPTURE_AUTORELEASING = YES;
				CLANG_WARN_BOOL_CONVERSION = YES;
				CLANG_WARN_COMMA = YES;
				CLANG_WARN_CONSTANT_CONVERSION = YES;
				CLANG_WARN_DEPRECATED_OBJC_IMPLEMENTATIONS = YES;
				CLANG_WARN_DIRECT_OBJC_ISA_USAGE = YES_ERROR;
				CLANG_WARN_DOCUMENTATION_COMMENTS = YES;
				CLANG_WARN_EMPTY_BODY = YES;
				CLANG_WARN_ENUM_CONVERSION = YES;
				CLANG_WARN_INFINITE_RECURSION = YES;
				CLANG_WARN_INT_CONVERSION = YES;
				CLANG_WARN_NON_LITERAL_NULL_CONVERSION = YES;
				CLANG_WARN_OBJC_IMPLICIT_RETAIN_SELF = YES;
				CLANG_WARN_OBJC_LITERAL_CONVERSION = YES;
				CLANG_WARN_OBJC_ROOT_CLASS = YES_ERROR;
				CLANG_WARN_QUOTED_INCLUDE_IN_FRAMEWORK_HEADER = YES;
				CLANG_WARN_RANGE_LOOP_ANALYSIS = YES;
				CLANG_WARN_STRICT_PROTOTYPES = YES;
				CLANG_WARN_SUSPICIOUS_MOVE = YES;
				CLANG_WARN_UNGUARDED_AVAILABILITY = YES_AGGRESSIVE;
				CLANG_WARN_UNREACHABLE_CODE = YES;
				CLANG_WARN__DUPLICATE_METHOD_MATCH = YES;
				COPY_PHASE_STRIP = NO;
				DEBUG_INFORMATION_FORMAT = "dwarf-with-dsym";
				ENABLE_NS_ASSERTIONS = NO;
				ENABLE_STRICT_OBJC_MSGSEND = YES;
				ENABLE_USER_SCRIPT_SANDBOXING = YES;
				GCC_C_LANGUAGE_STANDARD = gnu17;
				GCC_NO_COMMON_BLOCKS = YES;
				GCC_WARN_64_TO_32_BIT_CONVERSION = YES;
				GCC_WARN_ABOUT_RETURN_TYPE = YES_ERROR;
				GCC_WARN_UNDECLARED_SELECTOR = YES;
				GCC_WARN_UNINITIALIZED_AUTOS = YES_AGGRESSIVE;
				GCC_WARN_UNUSED_FUNCTION = YES;
				GCC_WARN_UNUSED_VARIABLE = YES;
				IPHONEOS_DEPLOYMENT_TARGET = 18.5;
				LOCALIZATION_PREFERS_STRING_CATALOGS = YES;
				MTL_ENABLE_DEBUG_INFO = NO;
				MTL_FAST_MATH = YES;
				SDKROOT = iphoneos;
				SWIFT_COMPILATION_MODE = wholemodule;
				VALIDATE_PRODUCT = YES;
			};
			name = Release;
		};
		DD8BE93A2E3003A700886615 /* Debug */ = {
			isa = XCBuildConfiguration;
			buildSettings = {
				ASSETCATALOG_COMPILER_APPICON_NAME = AppIcon;
				ASSETCATALOG_COMPILER_GLOBAL_ACCENT_COLOR_NAME = AccentColor;
				CODE_SIGN_STYLE = Automatic;
				CURRENT_PROJECT_VERSION = 1;
				ENABLE_PREVIEWS = YES;
				GENERATE_INFOPLIST_FILE = YES;
				INFOPLIST_KEY_UIApplicationSceneManifest_Generation = YES;
				INFOPLIST_KEY_UIApplicationSupportsIndirectInputEvents = YES;
				INFOPLIST_KEY_UILaunchScreen_Generation = YES;
				INFOPLIST_KEY_UISupportedInterfaceOrientations_iPad = "UIInterfaceOrientationPortrait UIInterfaceOrientationPortraitUpsideDown UIInterfaceOrientationLandscapeLeft UIInterfaceOrientationLandscapeRight";
				INFOPLIST_KEY_UISupportedInterfaceOrientations_iPhone = "UIInterfaceOrientationPortrait UIInterfaceOrientationLandscapeLeft UIInterfaceOrientationLandscapeRight";
				LD_RUNPATH_SEARCH_PATHS = (
					"$(inherited)",
					"@executable_path/Frameworks",
				);
				MARKETING_VERSION = 1.0;
				PRODUCT_BUNDLE_IDENTIFIER = sss.QuotesApp;
				PRODUCT_NAME = "$(TARGET_NAME)";
				SWIFT_EMIT_LOC_STRINGS = YES;
				SWIFT_VERSION = 5.0;
				TARGETED_DEVICE_FAMILY = "1,2";
			};
			name = Debug;
		};
		DD8BE93B2E3003A700886615 /* Release */ = {
			isa = XCBuildConfiguration;
			buildSettings = {
				ASSETCATALOG_COMPILER_APPICON_NAME = AppIcon;
				ASSETCATALOG_COMPILER_GLOBAL_ACCENT_COLOR_NAME = AccentColor;
				CODE_SIGN_STYLE = Automatic;
				CURRENT_PROJECT_VERSION = 1;
				ENABLE_PREVIEWS = YES;
				GENERATE_INFOPLIST_FILE = YES;
				INFOPLIST_KEY_UIApplicationSceneManifest_Generation = YES;
				INFOPLIST_KEY_UIApplicationSupportsIndirectInputEvents = YES;
				INFOPLIST_KEY_UILaunchScreen_Generation = YES;
				INFOPLIST_KEY_UISupportedInterfaceOrientations_iPad = "UIInterfaceOrientationPortrait UIInterfaceOrientationPortraitUpsideDown UIInterfaceOrientationLandscapeLeft UIInterfaceOrientationLandscapeRight";
				INFOPLIST_KEY_UISupportedInterfaceOrientations_iPhone = "UIInterfaceOrientationPortrait UIInterfaceOrientationLandscapeLeft UIInterfaceOrientationLandscapeRight";
				LD_RUNPATH_SEARCH_PATHS = (
					"$(inherited)",
					"@executable_path/Frameworks",
				);
				MARKETING_VERSION = 1.0;
				PRODUCT_BUNDLE_IDENTIFIER = sss.QuotesApp;
				PRODUCT_NAME = "$(TARGET_NAME)";
				SWIFT_EMIT_LOC_STRINGS = YES;
				SWIFT_VERSION = 5.0;
				TARGETED_DEVICE_FAMILY = "1,2";
			};
			name = Release;
		};
		DD8BE93D2E3003A700886615 /* Debug */ = {
			isa = XCBuildConfiguration;
			buildSettings = {
				BUNDLE_LOADER = "$(TEST_HOST)";
				CODE_SIGN_STYLE = Automatic;
				CURRENT_PROJECT_VERSION = 1;
				GENERATE_INFOPLIST_FILE = YES;
				IPHONEOS_DEPLOYMENT_TARGET = 18.5;
				MARKETING_VERSION = 1.0;
				PRODUCT_BUNDLE_IDENTIFIER = sss.QuotesAppTests;
				PRODUCT_NAME = "$(TARGET_NAME)";
				SWIFT_EMIT_LOC_STRINGS = NO;
				SWIFT_VERSION = 5.0;
				TARGETED_DEVICE_FAMILY = "1,2";
				TEST_HOST = "$(BUILT_PRODUCTS_DIR)/QuotesApp.app/$(BUNDLE_EXECUTABLE_FOLDER_PATH)/QuotesApp";
			};
			name = Debug;
		};
		DD8BE93E2E3003A700886615 /* Release */ = {
			isa = XCBuildConfiguration;
			buildSettings = {
				BUNDLE_LOADER = "$(TEST_HOST)";
				CODE_SIGN_STYLE = Automatic;
				CURRENT_PROJECT_VERSION = 1;
				GENERATE_INFOPLIST_FILE = YES;
				IPHONEOS_DEPLOYMENT_TARGET = 18.5;
				MARKETING_VERSION = 1.0;
				PRODUCT_BUNDLE_IDENTIFIER = sss.QuotesAppTests;
				PRODUCT_NAME = "$(TARGET_NAME)";
				SWIFT_EMIT_LOC_STRINGS = NO;
				SWIFT_VERSION = 5.0;
				TARGETED_DEVICE_FAMILY = "1,2";
				TEST_HOST = "$(BUILT_PRODUCTS_DIR)/QuotesApp.app/$(BUNDLE_EXECUTABLE_FOLDER_PATH)/QuotesApp";
			};
			name = Release;
		};
		DD8BE9402E3003A700886615 /* Debug */ = {
			isa = XCBuildConfiguration;
			buildSettings = {
				CODE_SIGN_STYLE = Automatic;
				CURRENT_PROJECT_VERSION = 1;
				GENERATE_INFOPLIST_FILE = YES;
				MARKETING_VERSION = 1.0;
				PRODUCT_BUNDLE_IDENTIFIER = sss.QuotesAppUITests;
				PRODUCT_NAME = "$(TARGET_NAME)";
				SWIFT_EMIT_LOC_STRINGS = NO;
				SWIFT_VERSION = 5.0;
				TARGETED_DEVICE_FAMILY = "1,2";
				TEST_TARGET_NAME = QuotesApp;
			};
			name = Debug;
		};
		DD8BE9412E3003A700886615 /* Release */ = {
			isa = XCBuildConfiguration;
			buildSettings = {
				CODE_SIGN_STYLE = Automatic;
				CURRENT_PROJECT_VERSION = 1;
				GENERATE_INFOPLIST_FILE = YES;
				MARKETING_VERSION = 1.0;
				PRODUCT_BUNDLE_IDENTIFIER = sss.QuotesAppUITests;
				PRODUCT_NAME = "$(TARGET_NAME)";
				SWIFT_EMIT_LOC_STRINGS = NO;
				SWIFT_VERSION = 5.0;
				TARGETED_DEVICE_FAMILY = "1,2";
				TEST_TARGET_NAME = QuotesApp;
			};
			name = Release;
		};
/* End XCBuildConfiguration section */

/* Begin XCConfigurationList section */
		DD8BE9132E3003A400886615 /* Build configuration list for PBXProject "QuotesApp" */ = {
			isa = XCConfigurationList;
			buildConfigurations = (
				DD8BE9372E3003A700886615 /* Debug */,
				DD8BE9382E3003A700886615 /* Release */,
			);
			defaultConfigurationIsVisible = 0;
			defaultConfigurationName = Release;
		};
		DD8BE9392E3003A700886615 /* Build configuration list for PBXNativeTarget "QuotesApp" */ = {
			isa = XCConfigurationList;
			buildConfigurations = (
				DD8BE93A2E3003A700886615 /* Debug */,
				DD8BE93B2E3003A700886615 /* Release */,
			);
			defaultConfigurationIsVisible = 0;
			defaultConfigurationName = Release;
		};
		DD8BE93C2E3003A700886615 /* Build configuration list for PBXNativeTarget "QuotesAppTests" */ = {
			isa = XCConfigurationList;
			buildConfigurations = (
				DD8BE93D2E3003A700886615 /* Debug */,
				DD8BE93E2E3003A700886615 /* Release */,
			);
			defaultConfigurationIsVisible = 0;
			defaultConfigurationName = Release;
		};
		DD8BE93F2E3003A700886615 /* Build configuration list for PBXNativeTarget "QuotesAppUITests" */ = {
			isa = XCConfigurationList;
			buildConfigurations = (
				DD8BE9402E3003A700886615 /* Debug */,
				DD8BE9412E3003A700886615 /* Release */,
			);
			defaultConfigurationIsVisible = 0;
			defaultConfigurationName = Release;
		};
/* End XCConfigurationList section */
	};
	rootObject = DD8BE9102E3003A400886615 /* Project object */;
}
